{
  "name": "nodejs_liqpay",
  "version": "1.0.0",
  "lockfileVersion": 1,
  "requires": true,
  "dependencies": {
    "crypto": {
      "version": "1.0.1",
      "resolved": "https://registry.npmjs.org/crypto/-/crypto-1.0.1.tgz",
      "integrity": "sha512-VxBKmeNcqQdiUQUW2Tzq0t377b54N2bMtXO/qiLa+6eRRmmC4qT3D4OnTGoT/U6O9aklQ/jTwbOtRMTTY8G0Ig=="
    },
    "crypto-random-string": {
      "version": "3.2.0",
      "resolved": "https://registry.npmjs.org/crypto-random-string/-/crypto-random-string-3.2.0.tgz",
      "integrity": "sha512-8vPu5bsKaq2uKRy3OL7h1Oo7RayAWB8sYexLKAqvCXVib8SxgbmoF1IN4QMKjBv8uI8mp5gPPMbiRah25GMrVQ==",
      "requires": {
        "type-fest": "^0.8.1"
      }
    },
    "js-base64": {
      "version": "2.5.2",
      "resolved": "https://registry.npmjs.org/js-base64/-/js-base64-2.5.2.tgz",
      "integrity": "sha512-Vg8czh0Q7sFBSUMWWArX/miJeBWYBPpdU/3M/DKSaekLMqrqVPaedp+5mZhie/r0lgrcaYBfwXatEew6gwgiQQ=="
    },
    "type-fest": {
      "version": "0.8.1",
      "resolved": "https://registry.npmjs.org/type-fest/-/type-fest-0.8.1.tgz",
      "integrity": "sha512-4dbzIzqvjtgiM5rw1k5rEHtBANKmdudhGyBEajN01fEyhaAIhsoKNy6y7+IN93IfpFtwY9iqi7kD+xwKhQsNJA=="
    }
  }
}
